// !$*UTF8*$!
{
	archiveVersion = 1;
	classes = {
	};
	objectVersion = 48;
	objects = {

/* Begin PBXBuildFile section */
		38197C7F205EFA6C00DC0A49 /* AppDelegate.swift in Sources */ = {isa = PBXBuildFile; fileRef = 38197C7E205EFA6C00DC0A49 /* AppDelegate.swift */; };
		38197C82205EFA6C00DC0A49 /* BookWishlistI.xcdatamodeld in Sources */ = {isa = PBXBuildFile; fileRef = 38197C80205EFA6C00DC0A49 /* BookWishlistI.xcdatamodeld */; };
		38197C84205EFA6C00DC0A49 /* MasterViewController.swift in Sources */ = {isa = PBXBuildFile; fileRef = 38197C83205EFA6C00DC0A49 /* MasterViewController.swift */; };
		38197C86205EFA6C00DC0A49 /* DetailViewController.swift in Sources */ = {isa = PBXBuildFile; fileRef = 38197C85205EFA6C00DC0A49 /* DetailViewController.swift */; };
		38197C89205EFA6C00DC0A49 /* Main.storyboard in Resources */ = {isa = PBXBuildFile; fileRef = 38197C87205EFA6C00DC0A49 /* Main.storyboard */; };
		38197C8B205EFA6C00DC0A49 /* Assets.xcassets in Resources */ = {isa = PBXBuildFile; fileRef = 38197C8A205EFA6C00DC0A49 /* Assets.xcassets */; };
		38197C8E205EFA6C00DC0A49 /* LaunchScreen.storyboard in Resources */ = {isa = PBXBuildFile; fileRef = 38197C8C205EFA6C00DC0A49 /* LaunchScreen.storyboard */; };
		38197C96205F195700DC0A49 /* SearchViewController.swift in Sources */ = {isa = PBXBuildFile; fileRef = 38197C95205F195700DC0A49 /* SearchViewController.swift */; };
/* End PBXBuildFile section */

/* Begin PBXFileReference section */
		38197C7B205EFA6C00DC0A49 /* BookWishlistI.app */ = {isa = PBXFileReference; explicitFileType = wrapper.application; includeInIndex = 0; path = BookWishlistI.app; sourceTree = BUILT_PRODUCTS_DIR; };
		38197C7E205EFA6C00DC0A49 /* AppDelegate.swift */ = {isa = PBXFileReference; lastKnownFileType = sourcecode.swift; path = AppDelegate.swift; sourceTree = "<group>"; };
		38197C81205EFA6C00DC0A49 /* BookWishlistI.xcdatamodel */ = {isa = PBXFileReference; lastKnownFileType = wrapper.xcdatamodel; path = BookWishlistI.xcdatamodel; sourceTree = "<group>"; };
		38197C83205EFA6C00DC0A49 /* MasterViewController.swift */ = {isa = PBXFileReference; lastKnownFileType = sourcecode.swift; path = MasterViewController.swift; sourceTree = "<group>"; };
		38197C85205EFA6C00DC0A49 /* DetailViewController.swift */ = {isa = PBXFileReference; lastKnownFileType = sourcecode.swift; path = DetailViewController.swift; sourceTree = "<group>"; };
		38197C88205EFA6C00DC0A49 /* Base */ = {isa = PBXFileReference; lastKnownFileType = file.storyboard; name = Base; path = Base.lproj/Main.storyboard; sourceTree = "<group>"; };
		38197C8A205EFA6C00DC0A49 /* Assets.xcassets */ = {isa = PBXFileReference; lastKnownFileType = folder.assetcatalog; path = Assets.xcassets; sourceTree = "<group>"; };
		38197C8D205EFA6C00DC0A49 /* Base */ = {isa = PBXFileReference; lastKnownFileType = file.storyboard; name = Base; path = Base.lproj/LaunchScreen.storyboard; sourceTree = "<group>"; };
		38197C8F205EFA6C00DC0A49 /* Info.plist */ = {isa = PBXFileReference; lastKnownFileType = text.plist.xml; path = Info.plist; sourceTree = "<group>"; };
		38197C95205F195700DC0A49 /* SearchViewController.swift */ = {isa = PBXFileReference; lastKnownFileType = sourcecode.swift; path = SearchViewController.swift; sourceTree = "<group>"; };
/* End PBXFileReference section */

/* Begin PBXFrameworksBuildPhase section */
		38197C78205EFA6C00DC0A49 /* Frameworks */ = {
			isa = PBXFrameworksBuildPhase;
			buildActionMask = 2147483647;
			files = (
			);
			runOnlyForDeploymentPostprocessing = 0;
		};
/* End PBXFrameworksBuildPhase section */

/* Begin PBXGroup section */
		38197C72205EFA6C00DC0A49 = {
			isa = PBXGroup;
			children = (
				38197C7D205EFA6C00DC0A49 /* BookWishlistI */,
				38197C7C205EFA6C00DC0A49 /* Products */,
			);
			sourceTree = "<group>";
		};
		38197C7C205EFA6C00DC0A49 /* Products */ = {
			isa = PBXGroup;
			children = (
				38197C7B205EFA6C00DC0A49 /* BookWishlistI.app */,
			);
			name = Products;
			sourceTree = "<group>";
		};
		38197C7D205EFA6C00DC0A49 /* BookWishlistI */ = {
			isa = PBXGroup;
			children = (
				38197C7E205EFA6C00DC0A49 /* AppDelegate.swift */,
				38197C83205EFA6C00DC0A49 /* MasterViewController.swift */,
				38197C85205EFA6C00DC0A49 /* DetailViewController.swift */,
				38197C95205F195700DC0A49 /* SearchViewController.swift */,
				38197C87205EFA6C00DC0A49 /* Main.storyboard */,
				38197C8A205EFA6C00DC0A49 /* Assets.xcassets */,
				38197C8C205EFA6C00DC0A49 /* LaunchScreen.storyboard */,
				38197C8F205EFA6C00DC0A49 /* Info.plist */,
				38197C80205EFA6C00DC0A49 /* BookWishlistI.xcdatamodeld */,
			);
			path = BookWishlistI;
			sourceTree = "<group>";
		};
/* End PBXGroup section */

/* Begin PBXNativeTarget section */
		38197C7A205EFA6C00DC0A49 /* BookWishlistI */ = {
			isa = PBXNativeTarget;
			buildConfigurationList = 38197C92205EFA6C00DC0A49 /* Build configuration list for PBXNativeTarget "BookWishlistI" */;
			buildPhases = (
				38197C77205EFA6C00DC0A49 /* Sources */,
				38197C78205EFA6C00DC0A49 /* Frameworks */,
				38197C79205EFA6C00DC0A49 /* Resources */,
			);
			buildRules = (
			);
			dependencies = (
			);
			name = BookWishlistI;
			productName = BookWishlistI;
			productReference = 38197C7B205EFA6C00DC0A49 /* BookWishlistI.app */;
			productType = "com.apple.product-type.application";
		};
/* End PBXNativeTarget section */

/* Begin PBXProject section */
		38197C73205EFA6C00DC0A49 /* Project object */ = {
			isa = PBXProject;
			attributes = {
				LastSwiftUpdateCheck = 0920;
				LastUpgradeCheck = 0920;
				ORGANIZATIONNAME = Artemis;
				TargetAttributes = {
					38197C7A205EFA6C00DC0A49 = {
						CreatedOnToolsVersion = 9.2;
						ProvisioningStyle = Automatic;
					};
				};
			};
			buildConfigurationList = 38197C76205EFA6C00DC0A49 /* Build configuration list for PBXProject "BookWishlistI" */;
			compatibilityVersion = "Xcode 8.0";
			developmentRegion = en;
			hasScannedForEncodings = 0;
			knownRegions = (
				en,
				Base,
			);
			mainGroup = 38197C72205EFA6C00DC0A49;
			productRefGroup = 38197C7C205EFA6C00DC0A49 /* Products */;
			projectDirPath = "";
			projectRoot = "";
			targets = (
				38197C7A205EFA6C00DC0A49 /* BookWishlistI */,
			);
		};
/* End PBXProject section */

/* Begin PBXResourcesBuildPhase section */
		38197C79205EFA6C00DC0A49 /* Resources */ = {
			isa = PBXResourcesBuildPhase;
			buildActionMask = 2147483647;
			files = (
				38197C8E205EFA6C00DC0A49 /* LaunchScreen.storyboard in Resources */,
				38197C8B205EFA6C00DC0A49 /* Assets.xcassets in Resources */,
				38197C89205EFA6C00DC0A49 /* Main.storyboard in Resources */,
			);
			runOnlyForDeploymentPostprocessing = 0;
		};
/* End PBXResourcesBuildPhase section */

/* Begin PBXSourcesBuildPhase section */
		38197C77205EFA6C00DC0A49 /* Sources */ = {
			isa = PBXSourcesBuildPhase;
			buildActionMask = 2147483647;
			files = (
				38197C96205F195700DC0A49 /* SearchViewController.swift in Sources */,
				38197C7F205EFA6C00DC0A49 /* AppDelegate.swift in Sources */,
				38197C82205EFA6C00DC0A49 /* BookWishlistI.xcdatamodeld in Sources */,
				38197C84205EFA6C00DC0A49 /* MasterViewController.swift in Sources */,
				38197C86205EFA6C00DC0A49 /* DetailViewController.swift in Sources */,
			);
			runOnlyForDeploymentPostprocessing = 0;
		};
/* End PBXSourcesBuildPhase section */

/* Begin PBXVariantGroup section */
		38197C87205EFA6C00DC0A49 /* Main.storyboard */ = {
			isa = PBXVariantGroup;
			children = (
				38197C88205EFA6C00DC0A49 /* Base */,
			);
			name = Main.storyboard;
			sourceTree = "<group>";
		};
		38197C8C205EFA6C00DC0A49 /* LaunchScreen.storyboard */ = {
			isa = PBXVariantGroup;
			children = (
				38197C8D205EFA6C00DC0A49 /* Base */,
			);
			name = LaunchScreen.storyboard;
			sourceTree = "<group>";
		};
/* End PBXVariantGroup section */

/* Begin XCBuildConfiguration section */
		38197C90205EFA6C00DC0A49 /* Debug */ = {
			isa = XCBuildConfiguration;
			buildSettings = {
				ALWAYS_SEARCH_USER_PATHS = NO;
				CLANG_ANALYZER_NONNULL = YES;
				CLANG_ANALYZER_NUMBER_OBJECT_CONVERSION = YES_AGGRESSIVE;
				CLANG_CXX_LANGUAGE_STANDARD = "gnu++14";
				CLANG_CXX_LIBRARY = "libc++";
				CLANG_ENABLE_MODULES = YES;
				CLANG_ENABLE_OBJC_ARC = YES;
				CLANG_WARN_BLOCK_CAPTURE_AUTORELEASING = YES;
				CLANG_WARN_BOOL_CONVERSION = YES;
				CLANG_WARN_COMMA = YES;
				CLANG_WARN_CONSTANT_CONVERSION = YES;
				CLANG_WARN_DIRECT_OBJC_ISA_USAGE = YES_ERROR;
				CLANG_WARN_DOCUMENTATION_COMMENTS = YES;
				CLANG_WARN_EMPTY_BODY = YES;
				CLANG_WARN_ENUM_CONVERSION = YES;
				CLANG_WARN_INFINITE_RECURSION = YES;
				CLANG_WARN_INT_CONVERSION = YES;
				CLANG_WARN_NON_LITERAL_NULL_CONVERSION = YES;
				CLANG_WARN_OBJC_LITERAL_CONVERSION = YES;
				CLANG_WARN_OBJC_ROOT_CLASS = YES_ERROR;
				CLANG_WARN_RANGE_LOOP_ANALYSIS = YES;
				CLANG_WARN_STRICT_PROTOTYPES = YES;
				CLANG_WARN_SUSPICIOUS_MOVE = YES;
				CLANG_WARN_UNGUARDED_AVAILABILITY = YES_AGGRESSIVE;
				CLANG_WARN_UNREACHABLE_CODE = YES;
				CLANG_WARN__DUPLICATE_METHOD_MATCH = YES;
				CODE_SIGN_IDENTITY = "iPhone Developer";
				COPY_PHASE_STRIP = NO;
				DEBUG_INFORMATION_FORMAT = dwarf;
				ENABLE_STRICT_OBJC_MSGSEND = YES;
				ENABLE_TESTABILITY = YES;
				GCC_C_LANGUAGE_STANDARD = gnu11;
				GCC_DYNAMIC_NO_PIC = NO;
				GCC_NO_COMMON_BLOCKS = YES;
				GCC_OPTIMIZATION_LEVEL = 0;
				GCC_PREPROCESSOR_DEFINITIONS = (
					"DEBUG=1",
					"$(inherited)",
				);
				GCC_WARN_64_TO_32_BIT_CONVERSION = YES;
				GCC_WARN_ABOUT_RETURN_TYPE = YES_ERROR;
				GCC_WARN_UNDECLARED_SELECTOR = YES;
				GCC_WARN_UNINITIALIZED_AUTOS = YES_AGGRESSIVE;
				GCC_WARN_UNUSED_FUNCTION = YES;
				GCC_WARN_UNUSED_VARIABLE = YES;
				IPHONEOS_DEPLOYMENT_TARGET = 11.2;
				MTL_ENABLE_DEBUG_INFO = YES;
				ONLY_ACTIVE_ARCH = YES;
				SDKROOT = iphoneos;
				SWIFT_ACTIVE_COMPILATION_CONDITIONS = DEBUG;
				SWIFT_OPTIMIZATION_LEVEL = "-Onone";
			};
			name = Debug;
		};
		38197C91205EFA6C00DC0A49 /* Release */ = {
			isa = XCBuildConfiguration;
			buildSettings = {
				ALWAYS_SEARCH_USER_PATHS = NO;
				CLANG_ANALYZER_NONNULL = YES;
				CLANG_ANALYZER_NUMBER_OBJECT_CONVERSION = YES_AGGRESSIVE;
				CLANG_CXX_LANGUAGE_STANDARD = "gnu++14";
				CLANG_CXX_LIBRARY = "libc++";
				CLANG_ENABLE_MODULES = YES;
				CLANG_ENABLE_OBJC_ARC = YES;
				CLANG_WARN_BLOCK_CAPTURE_AUTORELEASING = YES;
				CLANG_WARN_BOOL_CONVERSION = YES;
				CLANG_WARN_COMMA = YES;
				CLANG_WARN_CONSTANT_CONVERSION = YES;
				CLANG_WARN_DIRECT_OBJC_ISA_USAGE = YES_ERROR;
				CLANG_WARN_DOCUMENTATION_COMMENTS = YES;
				CLANG_WARN_EMPTY_BODY = YES;
				CLANG_WARN_ENUM_CONVERSION = YES;
				CLANG_WARN_INFINITE_RECURSION = YES;
				CLANG_WARN_INT_CONVERSION = YES;
				CLANG_WARN_NON_LITERAL_NULL_CONVERSION = YES;
				CLANG_WARN_OBJC_LITERAL_CONVERSION = YES;
				CLANG_WARN_OBJC_ROOT_CLASS = YES_ERROR;
				CLANG_WARN_RANGE_LOOP_ANALYSIS = YES;
				CLANG_WARN_STRICT_PROTOTYPES = YES;
				CLANG_WARN_SUSPICIOUS_MOVE = YES;
				CLANG_WARN_UNGUARDED_AVAILABILITY = YES_AGGRESSIVE;
				CLANG_WARN_UNREACHABLE_CODE = YES;
				CLANG_WARN__DUPLICATE_METHOD_MATCH = YES;
				CODE_SIGN_IDENTITY = "iPhone Developer";
				COPY_PHASE_STRIP = NO;
				DEBUG_INFORMATION_FORMAT = "dwarf-with-dsym";
				ENABLE_NS_ASSERTIONS = NO;
				ENABLE_STRICT_OBJC_MSGSEND = YES;
				GCC_C_LANGUAGE_STANDARD = gnu11;
				GCC_NO_COMMON_BLOCKS = YES;
				GCC_WARN_64_TO_32_BIT_CONVERSION = YES;
				GCC_WARN_ABOUT_RETURN_TYPE = YES_ERROR;
				GCC_WARN_UNDECLARED_SELECTOR = YES;
				GCC_WARN_UNINITIALIZED_AUTOS = YES_AGGRESSIVE;
				GCC_WARN_UNUSED_FUNCTION = YES;
				GCC_WARN_UNUSED_VARIABLE = YES;
				IPHONEOS_DEPLOYMENT_TARGET = 11.2;
				MTL_ENABLE_DEBUG_INFO = NO;
				SDKROOT = iphoneos;
				SWIFT_OPTIMIZATION_LEVEL = "-Owholemodule";
				VALIDATE_PRODUCT = YES;
			};
			name = Release;
		};
		38197C93205EFA6C00DC0A49 /* Debug */ = {
			isa = XCBuildConfiguration;
			buildSettings = {
				ASSETCATALOG_COMPILER_APPICON_NAME = AppIcon;
				CODE_SIGN_STYLE = Automatic;
				INFOPLIST_FILE = BookWishlistI/Info.plist;
				LD_RUNPATH_SEARCH_PATHS = "$(inherited) @executable_path/Frameworks";
				PRODUCT_BUNDLE_IDENTIFIER = com.victrix.BookWishlistI;
				PRODUCT_NAME = "$(TARGET_NAME)";
				SWIFT_VERSION = 4.0;
				TARGETED_DEVICE_FAMILY = "1,2";
			};
			name = Debug;
		};
		38197C94205EFA6C00DC0A49 /* Release */ = {
			isa = XCBuildConfiguration;
			buildSettings = {
				ASSETCATALOG_COMPILER_APPICON_NAME = AppIcon;
				CODE_SIGN_STYLE = Automatic;
				INFOPLIST_FILE = BookWishlistI/Info.plist;
				LD_RUNPATH_SEARCH_PATHS = "$(inherited) @executable_path/Frameworks";
				PRODUCT_BUNDLE_IDENTIFIER = com.victrix.BookWishlistI;
				PRODUCT_NAME = "$(TARGET_NAME)";
				SWIFT_VERSION = 4.0;
				TARGETED_DEVICE_FAMILY = "1,2";
			};
			name = Release;
		};
/* End XCBuildConfiguration section */

/* Begin XCConfigurationList section */
		38197C76205EFA6C00DC0A49 /* Build configuration list for PBXProject "BookWishlistI" */ = {
			isa = XCConfigurationList;
			buildConfigurations = (
				38197C90205EFA6C00DC0A49 /* Debug */,
				38197C91205EFA6C00DC0A49 /* Release */,
			);
			defaultConfigurationIsVisible = 0;
			defaultConfigurationName = Release;
		};
		38197C92205EFA6C00DC0A49 /* Build configuration list for PBXNativeTarget "BookWishlistI" */ = {
			isa = XCConfigurationList;
			buildConfigurations = (
				38197C93205EFA6C00DC0A49 /* Debug */,
				38197C94205EFA6C00DC0A49 /* Release */,
			);
			defaultConfigurationIsVisible = 0;
			defaultConfigurationName = Release;
		};
/* End XCConfigurationList section */

/* Begin XCVersionGroup section */
		38197C80205EFA6C00DC0A49 /* BookWishlistI.xcdatamodeld */ = {
			isa = XCVersionGroup;
			children = (
				38197C81205EFA6C00DC0A49 /* BookWishlistI.xcdatamodel */,
			);
			currentVersion = 38197C81205EFA6C00DC0A49 /* BookWishlistI.xcdatamodel */;
			path = BookWishlistI.xcdatamodeld;
			sourceTree = "<group>";
			versionGroupType = wrapper.xcdatamodel;
		};
/* End XCVersionGroup section */
	};
	rootObject = 38197C73205EFA6C00DC0A49 /* Project object */;
}
